
Microsoft Visual Studio Solution File, Format Version 12.00
# Visual Studio Version 17
VisualStudioVersion = 17.0.31903.59
MinimumVisualStudioVersion = 10.0.40219.1
Project("{2150E333-8FDC-42A3-9474-1A3956D46DE8}") = "building-blocks", "building-blocks", "{7E759CB7-C6C9-4FAB-9ADE-EDA0737A16B8}"
EndProject
Project("{FAE04EC0-301F-11D3-BF4B-00C04F79EFBC}") = "BuildingBlocks.Shared", "building-blocks\BuildingBlocks.Shared\BuildingBlocks.Shared.csproj", "{2EBF0748-4129-4BF6-A0F1-A67C64510F7C}"
EndProject
Project("{FAE04EC0-301F-11D3-BF4B-00C04F79EFBC}") = "BuildingBlocks.Infrastructure", "building-blocks\BuildingBlocks.Infrastructure\BuildingBlocks.Infrastructure.csproj", "{5D559F34-ED7C-457B-981D-428F13852795}"
EndProject
Project("{FAE04EC0-301F-11D3-BF4B-00C04F79EFBC}") = "EventBus.Abstractions", "building-blocks\EventBus.Abstractions\EventBus.Abstractions.csproj", "{19ECA9A8-77D3-480A-AEB7-2B3EBE9F66F1}"
EndProject
Project("{FAE04EC0-301F-11D3-BF4B-00C04F79EFBC}") = "EventBus.RabbitMQ", "building-blocks\EventBus.RabbitMQ\EventBus.RabbitMQ.csproj", "{CFB45EF6-7C24-4A41-BCA4-7769E02F52C2}"
EndProject
Project("{2150E333-8FDC-42A3-9474-1A3956D46DE8}") = "src", "src", "{F74A0A90-48B1-4D19-BE42-BEE006517F56}"
EndProject
Project("{2150E333-8FDC-42A3-9474-1A3956D46DE8}") = "CatalogService", "CatalogService", "{4D109CAE-8A09-411E-95A6-FF2D0D4C3EC3}"
EndProject
Project("{FAE04EC0-301F-11D3-BF4B-00C04F79EFBC}") = "Catalog.API", "src\CatalogService\Catalog.API\Catalog.API.csproj", "{254650E2-982D-4CEA-A470-3411BF7AD8DC}"
EndProject
Project("{FAE04EC0-301F-11D3-BF4B-00C04F79EFBC}") = "Catalog.Application", "src\CatalogService\Catalog.Application\Catalog.Application.csproj", "{B0EB51D0-F878-40B7-A03E-5B22D5BAC753}"
EndProject
Project("{FAE04EC0-301F-11D3-BF4B-00C04F79EFBC}") = "Catalog.Domain", "src\CatalogService\Catalog.Domain\Catalog.Domain.csproj", "{67966679-CD94-4A5F-A755-00AA9A56E652}"
EndProject
Project("{FAE04EC0-301F-11D3-BF4B-00C04F79EFBC}") = "Catalog.Infrastructure", "src\CatalogService\Catalog.Infrastructure\Catalog.Infrastructure.csproj", "{121FCF8B-9107-48CF-B956-33DD905FFC18}"
EndProject
Project("{2150E333-8FDC-42A3-9474-1A3956D46DE8}") = "Tests", "Tests", "{DB8F8F27-F4AF-4901-A64E-09D3D3B88ABE}"
EndProject
Project("{FAE04EC0-301F-11D3-BF4B-00C04F79EFBC}") = "Catalog.API.Tests", "src\CatalogService\Tests\Catalog.API.Tests\Catalog.API.Tests.csproj", "{44AC33C2-9B89-4D58-9C83-9BBBC7F48F6C}"
EndProject
Project("{FAE04EC0-301F-11D3-BF4B-00C04F79EFBC}") = "Catalog.Application.Tests", "src\CatalogService\Tests\Catalog.Application.Tests\Catalog.Application.Tests.csproj", "{1F111DD8-054C-4CAF-96E6-0854FBB5641A}"
EndProject
Project("{2150E333-8FDC-42A3-9474-1A3956D46DE8}") = "Tests", "Tests", "{36DC5479-B25F-49D0-9885-147391D822C2}"
EndProject
Project("{FAE04EC0-301F-11D3-BF4B-00C04F79EFBC}") = "BuildingBlocks.Shared.Tests", "building-blocks\Tests\BuildingBlocks.Shared.Tests\BuildingBlocks.Shared.Tests.csproj", "{5318ED40-6B8D-422F-9E02-49C85352CE55}"
EndProject
Project("{FAE04EC0-301F-11D3-BF4B-00C04F79EFBC}") = "BuildingBlocks.Infrastructure.Tests", "building-blocks\Tests\BuildingBlocks.Infrastructure.Tests\BuildingBlocks.Infrastructure.Tests.csproj", "{9BE6E1C8-2570-487D-868B-239AFD672DBF}"
EndProject
Project("{FAE04EC0-301F-11D3-BF4B-00C04F79EFBC}") = "EventBus.RabbitMQ.Tests", "building-blocks\Tests\EventBus.RabbitMQ.Tests\EventBus.RabbitMQ.Tests.csproj", "{DCEF64B2-1B4A-4661-AC6E-AE2783E5B70F}"
EndProject
Project("{FAE04EC0-301F-11D3-BF4B-00C04F79EFBC}") = "Catalog.Domain.Tests", "src\CatalogService\Tests\Catalog.Domain.Tests\Catalog.Domain.Tests.csproj", "{69D74B86-F7E7-4D26-BA4C-08510E8D83B8}"
EndProject
Project("{FAE04EC0-301F-11D3-BF4B-00C04F79EFBC}") = "Catalog.Infrastructure.Tests", "src\CatalogService\Tests\Catalog.Infrastructure.Tests\Catalog.Infrastructure.Tests.csproj", "{9B165D6F-548E-495A-A801-99E44D6E2D5A}"
EndProject
Project("{2150E333-8FDC-42A3-9474-1A3956D46DE8}") = "OrderService", "OrderService", "{8D8F9802-08A2-4701-AA7D-B6F42F7E804A}"
EndProject
Project("{FAE04EC0-301F-11D3-BF4B-00C04F79EFBC}") = "OrderService.Domain", "src\OrderService\OrderService.Domain\OrderService.Domain.csproj", "{14638117-C1BC-4FD1-9A26-BAAD8491CD1F}"
EndProject
Project("{FAE04EC0-301F-11D3-BF4B-00C04F79EFBC}") = "OrderService.Application", "src\OrderService\OrderService.Application\OrderService.Application.csproj", "{C17946FC-4F5F-403C-A3CB-A4C555402D50}"
EndProject
Project("{FAE04EC0-301F-11D3-BF4B-00C04F79EFBC}") = "OrderService.Infrastructure", "src\OrderService\OrderService.Infrastructure\OrderService.Infrastructure.csproj", "{75D0CF0E-3F8E-4923-B94C-A731B309DAF2}"
EndProject
Project("{FAE04EC0-301F-11D3-BF4B-00C04F79EFBC}") = "OrderService.API", "src\OrderService\OrderService.API\OrderService.API.csproj", "{03A47993-D710-4C14-B10D-852EE313B87A}"
EndProject
Project("{2150E333-8FDC-42A3-9474-1A3956D46DE8}") = "PaymentService", "PaymentService", "{E7C172E2-4F50-4712-B960-E2B4D4BEE20D}"
EndProject
Project("{FAE04EC0-301F-11D3-BF4B-00C04F79EFBC}") = "Payment.API", "src\PaymentService\Payment.API\Payment.API.csproj", "{B195EE37-7E62-4BFE-AB3E-90A140E457FB}"
EndProject
Project("{FAE04EC0-301F-11D3-BF4B-00C04F79EFBC}") = "Payment.Infrastructure", "src\PaymentService\Payment.Infrastructure\Payment.Infrastructure.csproj", "{354A6355-1549-4AEE-896A-2B04CD9A1FBB}"
EndProject
Project("{FAE04EC0-301F-11D3-BF4B-00C04F79EFBC}") = "Payment.Application", "src\PaymentService\Payment.Application\Payment.Application.csproj", "{74833B06-6646-4D9C-9298-0811DB9FD11B}"
EndProject
Project("{FAE04EC0-301F-11D3-BF4B-00C04F79EFBC}") = "Payment.Domain", "src\PaymentService\Payment.Domain\Payment.Domain.csproj", "{A9229BEE-5611-495E-B566-B2DDDFE620A2}"
EndProject
Project("{2150E333-8FDC-42A3-9474-1A3956D46DE8}") = "IdentityService", "IdentityService", "{D2D57AB1-9829-45C8-8BEA-7343725E8932}"
EndProject
Project("{FAE04EC0-301F-11D3-BF4B-00C04F79EFBC}") = "Identity.API", "src\IdentityService\Identity.API\Identity.API.csproj", "{6B5A1A2B-9682-4851-A061-35CEDB587D08}"
EndProject
Project("{FAE04EC0-301F-11D3-BF4B-00C04F79EFBC}") = "Identity.Application", "src\IdentityService\Identity.Application\Identity.Application.csproj", "{FD1A429A-37DD-40C3-8662-4ED0A8A8B9A2}"
EndProject
Project("{FAE04EC0-301F-11D3-BF4B-00C04F79EFBC}") = "Identity.Infrastructure", "src\IdentityService\Identity.Infrastructure\Identity.Infrastructure.csproj", "{2FF5D212-611C-41AB-BEC1-1383FC739741}"
EndProject
Project("{FAE04EC0-301F-11D3-BF4B-00C04F79EFBC}") = "Identity.Domain", "src\IdentityService\Identity.Domain\Identity.Domain.csproj", "{C412B6BE-58FC-4765-9F0A-9DEDDE395FB4}"
EndProject
Project("{2150E333-8FDC-42A3-9474-1A3956D46DE8}") = "api-gateway", "api-gateway", "{E22E3BEF-D6DB-470E-8448-66D07DD7E4C1}"
EndProject
Project("{FAE04EC0-301F-11D3-BF4B-00C04F79EFBC}") = "ApiGateway", "api-gateway\ApiGateway\ApiGateway.csproj", "{87D28DB8-58E4-4862-B069-0C4FB10036D9}"
EndProject
Global
	GlobalSection(SolutionConfigurationPlatforms) = preSolution
		Debug|Any CPU = Debug|Any CPU
		Debug|x64 = Debug|x64
		Debug|x86 = Debug|x86
		Release|Any CPU = Release|Any CPU
		Release|x64 = Release|x64
		Release|x86 = Release|x86
	EndGlobalSection
	GlobalSection(ProjectConfigurationPlatforms) = postSolution
		{2EBF0748-4129-4BF6-A0F1-A67C64510F7C}.Debug|Any CPU.ActiveCfg = Debug|Any CPU
		{2EBF0748-4129-4BF6-A0F1-A67C64510F7C}.Debug|Any CPU.Build.0 = Debug|Any CPU
		{2EBF0748-4129-4BF6-A0F1-A67C64510F7C}.Debug|x64.ActiveCfg = Debug|Any CPU
		{2EBF0748-4129-4BF6-A0F1-A67C64510F7C}.Debug|x64.Build.0 = Debug|Any CPU
		{2EBF0748-4129-4BF6-A0F1-A67C64510F7C}.Debug|x86.ActiveCfg = Debug|Any CPU
		{2EBF0748-4129-4BF6-A0F1-A67C64510F7C}.Debug|x86.Build.0 = Debug|Any CPU
		{2EBF0748-4129-4BF6-A0F1-A67C64510F7C}.Release|Any CPU.ActiveCfg = Release|Any CPU
		{2EBF0748-4129-4BF6-A0F1-A67C64510F7C}.Release|Any CPU.Build.0 = Release|Any CPU
		{2EBF0748-4129-4BF6-A0F1-A67C64510F7C}.Release|x64.ActiveCfg = Release|Any CPU
		{2EBF0748-4129-4BF6-A0F1-A67C64510F7C}.Release|x64.Build.0 = Release|Any CPU
		{2EBF0748-4129-4BF6-A0F1-A67C64510F7C}.Release|x86.ActiveCfg = Release|Any CPU
		{2EBF0748-4129-4BF6-A0F1-A67C64510F7C}.Release|x86.Build.0 = Release|Any CPU
		{5D559F34-ED7C-457B-981D-428F13852795}.Debug|Any CPU.ActiveCfg = Debug|Any CPU
		{5D559F34-ED7C-457B-981D-428F13852795}.Debug|Any CPU.Build.0 = Debug|Any CPU
		{5D559F34-ED7C-457B-981D-428F13852795}.Debug|x64.ActiveCfg = Debug|Any CPU
		{5D559F34-ED7C-457B-981D-428F13852795}.Debug|x64.Build.0 = Debug|Any CPU
		{5D559F34-ED7C-457B-981D-428F13852795}.Debug|x86.ActiveCfg = Debug|Any CPU
		{5D559F34-ED7C-457B-981D-428F13852795}.Debug|x86.Build.0 = Debug|Any CPU
		{5D559F34-ED7C-457B-981D-428F13852795}.Release|Any CPU.ActiveCfg = Release|Any CPU
		{5D559F34-ED7C-457B-981D-428F13852795}.Release|Any CPU.Build.0 = Release|Any CPU
		{5D559F34-ED7C-457B-981D-428F13852795}.Release|x64.ActiveCfg = Release|Any CPU
		{5D559F34-ED7C-457B-981D-428F13852795}.Release|x64.Build.0 = Release|Any CPU
		{5D559F34-ED7C-457B-981D-428F13852795}.Release|x86.ActiveCfg = Release|Any CPU
		{5D559F34-ED7C-457B-981D-428F13852795}.Release|x86.Build.0 = Release|Any CPU
		{19ECA9A8-77D3-480A-AEB7-2B3EBE9F66F1}.Debug|Any CPU.ActiveCfg = Debug|Any CPU
		{19ECA9A8-77D3-480A-AEB7-2B3EBE9F66F1}.Debug|Any CPU.Build.0 = Debug|Any CPU
		{19ECA9A8-77D3-480A-AEB7-2B3EBE9F66F1}.Debug|x64.ActiveCfg = Debug|Any CPU
		{19ECA9A8-77D3-480A-AEB7-2B3EBE9F66F1}.Debug|x64.Build.0 = Debug|Any CPU
		{19ECA9A8-77D3-480A-AEB7-2B3EBE9F66F1}.Debug|x86.ActiveCfg = Debug|Any CPU
		{19ECA9A8-77D3-480A-AEB7-2B3EBE9F66F1}.Debug|x86.Build.0 = Debug|Any CPU
		{19ECA9A8-77D3-480A-AEB7-2B3EBE9F66F1}.Release|Any CPU.ActiveCfg = Release|Any CPU
		{19ECA9A8-77D3-480A-AEB7-2B3EBE9F66F1}.Release|Any CPU.Build.0 = Release|Any CPU
		{19ECA9A8-77D3-480A-AEB7-2B3EBE9F66F1}.Release|x64.ActiveCfg = Release|Any CPU
		{19ECA9A8-77D3-480A-AEB7-2B3EBE9F66F1}.Release|x64.Build.0 = Release|Any CPU
		{19ECA9A8-77D3-480A-AEB7-2B3EBE9F66F1}.Release|x86.ActiveCfg = Release|Any CPU
		{19ECA9A8-77D3-480A-AEB7-2B3EBE9F66F1}.Release|x86.Build.0 = Release|Any CPU
		{CFB45EF6-7C24-4A41-BCA4-7769E02F52C2}.Debug|Any CPU.ActiveCfg = Debug|Any CPU
		{CFB45EF6-7C24-4A41-BCA4-7769E02F52C2}.Debug|Any CPU.Build.0 = Debug|Any CPU
		{CFB45EF6-7C24-4A41-BCA4-7769E02F52C2}.Debug|x64.ActiveCfg = Debug|Any CPU
		{CFB45EF6-7C24-4A41-BCA4-7769E02F52C2}.Debug|x64.Build.0 = Debug|Any CPU
		{CFB45EF6-7C24-4A41-BCA4-7769E02F52C2}.Debug|x86.ActiveCfg = Debug|Any CPU
		{CFB45EF6-7C24-4A41-BCA4-7769E02F52C2}.Debug|x86.Build.0 = Debug|Any CPU
		{CFB45EF6-7C24-4A41-BCA4-7769E02F52C2}.Release|Any CPU.ActiveCfg = Release|Any CPU
		{CFB45EF6-7C24-4A41-BCA4-7769E02F52C2}.Release|Any CPU.Build.0 = Release|Any CPU
		{CFB45EF6-7C24-4A41-BCA4-7769E02F52C2}.Release|x64.ActiveCfg = Release|Any CPU
		{CFB45EF6-7C24-4A41-BCA4-7769E02F52C2}.Release|x64.Build.0 = Release|Any CPU
		{CFB45EF6-7C24-4A41-BCA4-7769E02F52C2}.Release|x86.ActiveCfg = Release|Any CPU
		{CFB45EF6-7C24-4A41-BCA4-7769E02F52C2}.Release|x86.Build.0 = Release|Any CPU
		{254650E2-982D-4CEA-A470-3411BF7AD8DC}.Debug|Any CPU.ActiveCfg = Debug|Any CPU
		{254650E2-982D-4CEA-A470-3411BF7AD8DC}.Debug|Any CPU.Build.0 = Debug|Any CPU
		{254650E2-982D-4CEA-A470-3411BF7AD8DC}.Debug|x64.ActiveCfg = Debug|Any CPU
		{254650E2-982D-4CEA-A470-3411BF7AD8DC}.Debug|x64.Build.0 = Debug|Any CPU
		{254650E2-982D-4CEA-A470-3411BF7AD8DC}.Debug|x86.ActiveCfg = Debug|Any CPU
		{254650E2-982D-4CEA-A470-3411BF7AD8DC}.Debug|x86.Build.0 = Debug|Any CPU
		{254650E2-982D-4CEA-A470-3411BF7AD8DC}.Release|Any CPU.ActiveCfg = Release|Any CPU
		{254650E2-982D-4CEA-A470-3411BF7AD8DC}.Release|Any CPU.Build.0 = Release|Any CPU
		{254650E2-982D-4CEA-A470-3411BF7AD8DC}.Release|x64.ActiveCfg = Release|Any CPU
		{254650E2-982D-4CEA-A470-3411BF7AD8DC}.Release|x64.Build.0 = Release|Any CPU
		{254650E2-982D-4CEA-A470-3411BF7AD8DC}.Release|x86.ActiveCfg = Release|Any CPU
		{254650E2-982D-4CEA-A470-3411BF7AD8DC}.Release|x86.Build.0 = Release|Any CPU
		{B0EB51D0-F878-40B7-A03E-5B22D5BAC753}.Debug|Any CPU.ActiveCfg = Debug|Any CPU
		{B0EB51D0-F878-40B7-A03E-5B22D5BAC753}.Debug|Any CPU.Build.0 = Debug|Any CPU
		{B0EB51D0-F878-40B7-A03E-5B22D5BAC753}.Debug|x64.ActiveCfg = Debug|Any CPU
		{B0EB51D0-F878-40B7-A03E-5B22D5BAC753}.Debug|x64.Build.0 = Debug|Any CPU
		{B0EB51D0-F878-40B7-A03E-5B22D5BAC753}.Debug|x86.ActiveCfg = Debug|Any CPU
		{B0EB51D0-F878-40B7-A03E-5B22D5BAC753}.Debug|x86.Build.0 = Debug|Any CPU
		{B0EB51D0-F878-40B7-A03E-5B22D5BAC753}.Release|Any CPU.ActiveCfg = Release|Any CPU
		{B0EB51D0-F878-40B7-A03E-5B22D5BAC753}.Release|Any CPU.Build.0 = Release|Any CPU
		{B0EB51D0-F878-40B7-A03E-5B22D5BAC753}.Release|x64.ActiveCfg = Release|Any CPU
		{B0EB51D0-F878-40B7-A03E-5B22D5BAC753}.Release|x64.Build.0 = Release|Any CPU
		{B0EB51D0-F878-40B7-A03E-5B22D5BAC753}.Release|x86.ActiveCfg = Release|Any CPU
		{B0EB51D0-F878-40B7-A03E-5B22D5BAC753}.Release|x86.Build.0 = Release|Any CPU
		{67966679-CD94-4A5F-A755-00AA9A56E652}.Debug|Any CPU.ActiveCfg = Debug|Any CPU
		{67966679-CD94-4A5F-A755-00AA9A56E652}.Debug|Any CPU.Build.0 = Debug|Any CPU
		{67966679-CD94-4A5F-A755-00AA9A56E652}.Debug|x64.ActiveCfg = Debug|Any CPU
		{67966679-CD94-4A5F-A755-00AA9A56E652}.Debug|x64.Build.0 = Debug|Any CPU
		{67966679-CD94-4A5F-A755-00AA9A56E652}.Debug|x86.ActiveCfg = Debug|Any CPU
		{67966679-CD94-4A5F-A755-00AA9A56E652}.Debug|x86.Build.0 = Debug|Any CPU
		{67966679-CD94-4A5F-A755-00AA9A56E652}.Release|Any CPU.ActiveCfg = Release|Any CPU
		{67966679-CD94-4A5F-A755-00AA9A56E652}.Release|Any CPU.Build.0 = Release|Any CPU
		{67966679-CD94-4A5F-A755-00AA9A56E652}.Release|x64.ActiveCfg = Release|Any CPU
		{67966679-CD94-4A5F-A755-00AA9A56E652}.Release|x64.Build.0 = Release|Any CPU
		{67966679-CD94-4A5F-A755-00AA9A56E652}.Release|x86.ActiveCfg = Release|Any CPU
		{67966679-CD94-4A5F-A755-00AA9A56E652}.Release|x86.Build.0 = Release|Any CPU
		{121FCF8B-9107-48CF-B956-33DD905FFC18}.Debug|Any CPU.ActiveCfg = Debug|Any CPU
		{121FCF8B-9107-48CF-B956-33DD905FFC18}.Debug|Any CPU.Build.0 = Debug|Any CPU
		{121FCF8B-9107-48CF-B956-33DD905FFC18}.Debug|x64.ActiveCfg = Debug|Any CPU
		{121FCF8B-9107-48CF-B956-33DD905FFC18}.Debug|x64.Build.0 = Debug|Any CPU
		{121FCF8B-9107-48CF-B956-33DD905FFC18}.Debug|x86.ActiveCfg = Debug|Any CPU
		{121FCF8B-9107-48CF-B956-33DD905FFC18}.Debug|x86.Build.0 = Debug|Any CPU
		{121FCF8B-9107-48CF-B956-33DD905FFC18}.Release|Any CPU.ActiveCfg = Release|Any CPU
		{121FCF8B-9107-48CF-B956-33DD905FFC18}.Release|Any CPU.Build.0 = Release|Any CPU
		{121FCF8B-9107-48CF-B956-33DD905FFC18}.Release|x64.ActiveCfg = Release|Any CPU
		{121FCF8B-9107-48CF-B956-33DD905FFC18}.Release|x64.Build.0 = Release|Any CPU
		{121FCF8B-9107-48CF-B956-33DD905FFC18}.Release|x86.ActiveCfg = Release|Any CPU
		{121FCF8B-9107-48CF-B956-33DD905FFC18}.Release|x86.Build.0 = Release|Any CPU
		{44AC33C2-9B89-4D58-9C83-9BBBC7F48F6C}.Debug|Any CPU.ActiveCfg = Debug|Any CPU
		{44AC33C2-9B89-4D58-9C83-9BBBC7F48F6C}.Debug|Any CPU.Build.0 = Debug|Any CPU
		{44AC33C2-9B89-4D58-9C83-9BBBC7F48F6C}.Debug|x64.ActiveCfg = Debug|Any CPU
		{44AC33C2-9B89-4D58-9C83-9BBBC7F48F6C}.Debug|x64.Build.0 = Debug|Any CPU
		{44AC33C2-9B89-4D58-9C83-9BBBC7F48F6C}.Debug|x86.ActiveCfg = Debug|Any CPU
		{44AC33C2-9B89-4D58-9C83-9BBBC7F48F6C}.Debug|x86.Build.0 = Debug|Any CPU
		{44AC33C2-9B89-4D58-9C83-9BBBC7F48F6C}.Release|Any CPU.ActiveCfg = Release|Any CPU
		{44AC33C2-9B89-4D58-9C83-9BBBC7F48F6C}.Release|Any CPU.Build.0 = Release|Any CPU
		{44AC33C2-9B89-4D58-9C83-9BBBC7F48F6C}.Release|x64.ActiveCfg = Release|Any CPU
		{44AC33C2-9B89-4D58-9C83-9BBBC7F48F6C}.Release|x64.Build.0 = Release|Any CPU
		{44AC33C2-9B89-4D58-9C83-9BBBC7F48F6C}.Release|x86.ActiveCfg = Release|Any CPU
		{44AC33C2-9B89-4D58-9C83-9BBBC7F48F6C}.Release|x86.Build.0 = Release|Any CPU
		{1F111DD8-054C-4CAF-96E6-0854FBB5641A}.Debug|Any CPU.ActiveCfg = Debug|Any CPU
		{1F111DD8-054C-4CAF-96E6-0854FBB5641A}.Debug|Any CPU.Build.0 = Debug|Any CPU
		{1F111DD8-054C-4CAF-96E6-0854FBB5641A}.Debug|x64.ActiveCfg = Debug|Any CPU
		{1F111DD8-054C-4CAF-96E6-0854FBB5641A}.Debug|x64.Build.0 = Debug|Any CPU
		{1F111DD8-054C-4CAF-96E6-0854FBB5641A}.Debug|x86.ActiveCfg = Debug|Any CPU
		{1F111DD8-054C-4CAF-96E6-0854FBB5641A}.Debug|x86.Build.0 = Debug|Any CPU
		{1F111DD8-054C-4CAF-96E6-0854FBB5641A}.Release|Any CPU.ActiveCfg = Release|Any CPU
		{1F111DD8-054C-4CAF-96E6-0854FBB5641A}.Release|Any CPU.Build.0 = Release|Any CPU
		{1F111DD8-054C-4CAF-96E6-0854FBB5641A}.Release|x64.ActiveCfg = Release|Any CPU
		{1F111DD8-054C-4CAF-96E6-0854FBB5641A}.Release|x64.Build.0 = Release|Any CPU
		{1F111DD8-054C-4CAF-96E6-0854FBB5641A}.Release|x86.ActiveCfg = Release|Any CPU
		{1F111DD8-054C-4CAF-96E6-0854FBB5641A}.Release|x86.Build.0 = Release|Any CPU
		{5318ED40-6B8D-422F-9E02-49C85352CE55}.Debug|Any CPU.ActiveCfg = Debug|Any CPU
		{5318ED40-6B8D-422F-9E02-49C85352CE55}.Debug|Any CPU.Build.0 = Debug|Any CPU
		{5318ED40-6B8D-422F-9E02-49C85352CE55}.Debug|x64.ActiveCfg = Debug|Any CPU
		{5318ED40-6B8D-422F-9E02-49C85352CE55}.Debug|x64.Build.0 = Debug|Any CPU
		{5318ED40-6B8D-422F-9E02-49C85352CE55}.Debug|x86.ActiveCfg = Debug|Any CPU
		{5318ED40-6B8D-422F-9E02-49C85352CE55}.Debug|x86.Build.0 = Debug|Any CPU
		{5318ED40-6B8D-422F-9E02-49C85352CE55}.Release|Any CPU.ActiveCfg = Release|Any CPU
		{5318ED40-6B8D-422F-9E02-49C85352CE55}.Release|Any CPU.Build.0 = Release|Any CPU
		{5318ED40-6B8D-422F-9E02-49C85352CE55}.Release|x64.ActiveCfg = Release|Any CPU
		{5318ED40-6B8D-422F-9E02-49C85352CE55}.Release|x64.Build.0 = Release|Any CPU
		{5318ED40-6B8D-422F-9E02-49C85352CE55}.Release|x86.ActiveCfg = Release|Any CPU
		{5318ED40-6B8D-422F-9E02-49C85352CE55}.Release|x86.Build.0 = Release|Any CPU
		{9BE6E1C8-2570-487D-868B-239AFD672DBF}.Debug|Any CPU.ActiveCfg = Debug|Any CPU
		{9BE6E1C8-2570-487D-868B-239AFD672DBF}.Debug|Any CPU.Build.0 = Debug|Any CPU
		{9BE6E1C8-2570-487D-868B-239AFD672DBF}.Debug|x64.ActiveCfg = Debug|Any CPU
		{9BE6E1C8-2570-487D-868B-239AFD672DBF}.Debug|x64.Build.0 = Debug|Any CPU
		{9BE6E1C8-2570-487D-868B-239AFD672DBF}.Debug|x86.ActiveCfg = Debug|Any CPU
		{9BE6E1C8-2570-487D-868B-239AFD672DBF}.Debug|x86.Build.0 = Debug|Any CPU
		{9BE6E1C8-2570-487D-868B-239AFD672DBF}.Release|Any CPU.ActiveCfg = Release|Any CPU
		{9BE6E1C8-2570-487D-868B-239AFD672DBF}.Release|Any CPU.Build.0 = Release|Any CPU
		{9BE6E1C8-2570-487D-868B-239AFD672DBF}.Release|x64.ActiveCfg = Release|Any CPU
		{9BE6E1C8-2570-487D-868B-239AFD672DBF}.Release|x64.Build.0 = Release|Any CPU
		{9BE6E1C8-2570-487D-868B-239AFD672DBF}.Release|x86.ActiveCfg = Release|Any CPU
		{9BE6E1C8-2570-487D-868B-239AFD672DBF}.Release|x86.Build.0 = Release|Any CPU
		{DCEF64B2-1B4A-4661-AC6E-AE2783E5B70F}.Debug|Any CPU.ActiveCfg = Debug|Any CPU
		{DCEF64B2-1B4A-4661-AC6E-AE2783E5B70F}.Debug|Any CPU.Build.0 = Debug|Any CPU
		{DCEF64B2-1B4A-4661-AC6E-AE2783E5B70F}.Debug|x64.ActiveCfg = Debug|Any CPU
		{DCEF64B2-1B4A-4661-AC6E-AE2783E5B70F}.Debug|x64.Build.0 = Debug|Any CPU
		{DCEF64B2-1B4A-4661-AC6E-AE2783E5B70F}.Debug|x86.ActiveCfg = Debug|Any CPU
		{DCEF64B2-1B4A-4661-AC6E-AE2783E5B70F}.Debug|x86.Build.0 = Debug|Any CPU
		{DCEF64B2-1B4A-4661-AC6E-AE2783E5B70F}.Release|Any CPU.ActiveCfg = Release|Any CPU
		{DCEF64B2-1B4A-4661-AC6E-AE2783E5B70F}.Release|Any CPU.Build.0 = Release|Any CPU
		{DCEF64B2-1B4A-4661-AC6E-AE2783E5B70F}.Release|x64.ActiveCfg = Release|Any CPU
		{DCEF64B2-1B4A-4661-AC6E-AE2783E5B70F}.Release|x64.Build.0 = Release|Any CPU
		{DCEF64B2-1B4A-4661-AC6E-AE2783E5B70F}.Release|x86.ActiveCfg = Release|Any CPU
		{DCEF64B2-1B4A-4661-AC6E-AE2783E5B70F}.Release|x86.Build.0 = Release|Any CPU
		{69D74B86-F7E7-4D26-BA4C-08510E8D83B8}.Debug|Any CPU.ActiveCfg = Debug|Any CPU
		{69D74B86-F7E7-4D26-BA4C-08510E8D83B8}.Debug|Any CPU.Build.0 = Debug|Any CPU
		{69D74B86-F7E7-4D26-BA4C-08510E8D83B8}.Debug|x64.ActiveCfg = Debug|Any CPU
		{69D74B86-F7E7-4D26-BA4C-08510E8D83B8}.Debug|x64.Build.0 = Debug|Any CPU
		{69D74B86-F7E7-4D26-BA4C-08510E8D83B8}.Debug|x86.ActiveCfg = Debug|Any CPU
		{69D74B86-F7E7-4D26-BA4C-08510E8D83B8}.Debug|x86.Build.0 = Debug|Any CPU
		{69D74B86-F7E7-4D26-BA4C-08510E8D83B8}.Release|Any CPU.ActiveCfg = Release|Any CPU
		{69D74B86-F7E7-4D26-BA4C-08510E8D83B8}.Release|Any CPU.Build.0 = Release|Any CPU
		{69D74B86-F7E7-4D26-BA4C-08510E8D83B8}.Release|x64.ActiveCfg = Release|Any CPU
		{69D74B86-F7E7-4D26-BA4C-08510E8D83B8}.Release|x64.Build.0 = Release|Any CPU
		{69D74B86-F7E7-4D26-BA4C-08510E8D83B8}.Release|x86.ActiveCfg = Release|Any CPU
		{69D74B86-F7E7-4D26-BA4C-08510E8D83B8}.Release|x86.Build.0 = Release|Any CPU
		{9B165D6F-548E-495A-A801-99E44D6E2D5A}.Debug|Any CPU.ActiveCfg = Debug|Any CPU
		{9B165D6F-548E-495A-A801-99E44D6E2D5A}.Debug|Any CPU.Build.0 = Debug|Any CPU
		{9B165D6F-548E-495A-A801-99E44D6E2D5A}.Debug|x64.ActiveCfg = Debug|Any CPU
		{9B165D6F-548E-495A-A801-99E44D6E2D5A}.Debug|x64.Build.0 = Debug|Any CPU
		{9B165D6F-548E-495A-A801-99E44D6E2D5A}.Debug|x86.ActiveCfg = Debug|Any CPU
		{9B165D6F-548E-495A-A801-99E44D6E2D5A}.Debug|x86.Build.0 = Debug|Any CPU
		{9B165D6F-548E-495A-A801-99E44D6E2D5A}.Release|Any CPU.ActiveCfg = Release|Any CPU
		{9B165D6F-548E-495A-A801-99E44D6E2D5A}.Release|Any CPU.Build.0 = Release|Any CPU
		{9B165D6F-548E-495A-A801-99E44D6E2D5A}.Release|x64.ActiveCfg = Release|Any CPU
		{9B165D6F-548E-495A-A801-99E44D6E2D5A}.Release|x64.Build.0 = Release|Any CPU
		{9B165D6F-548E-495A-A801-99E44D6E2D5A}.Release|x86.ActiveCfg = Release|Any CPU
		{9B165D6F-548E-495A-A801-99E44D6E2D5A}.Release|x86.Build.0 = Release|Any CPU
		{14638117-C1BC-4FD1-9A26-BAAD8491CD1F}.Debug|Any CPU.ActiveCfg = Debug|Any CPU
		{14638117-C1BC-4FD1-9A26-BAAD8491CD1F}.Debug|Any CPU.Build.0 = Debug|Any CPU
		{14638117-C1BC-4FD1-9A26-BAAD8491CD1F}.Debug|x64.ActiveCfg = Debug|Any CPU
		{14638117-C1BC-4FD1-9A26-BAAD8491CD1F}.Debug|x64.Build.0 = Debug|Any CPU
		{14638117-C1BC-4FD1-9A26-BAAD8491CD1F}.Debug|x86.ActiveCfg = Debug|Any CPU
		{14638117-C1BC-4FD1-9A26-BAAD8491CD1F}.Debug|x86.Build.0 = Debug|Any CPU
		{14638117-C1BC-4FD1-9A26-BAAD8491CD1F}.Release|Any CPU.ActiveCfg = Release|Any CPU
		{14638117-C1BC-4FD1-9A26-BAAD8491CD1F}.Release|Any CPU.Build.0 = Release|Any CPU
		{14638117-C1BC-4FD1-9A26-BAAD8491CD1F}.Release|x64.ActiveCfg = Release|Any CPU
		{14638117-C1BC-4FD1-9A26-BAAD8491CD1F}.Release|x64.Build.0 = Release|Any CPU
		{14638117-C1BC-4FD1-9A26-BAAD8491CD1F}.Release|x86.ActiveCfg = Release|Any CPU
		{14638117-C1BC-4FD1-9A26-BAAD8491CD1F}.Release|x86.Build.0 = Release|Any CPU
		{C17946FC-4F5F-403C-A3CB-A4C555402D50}.Debug|Any CPU.ActiveCfg = Debug|Any CPU
		{C17946FC-4F5F-403C-A3CB-A4C555402D50}.Debug|Any CPU.Build.0 = Debug|Any CPU
		{C17946FC-4F5F-403C-A3CB-A4C555402D50}.Debug|x64.ActiveCfg = Debug|Any CPU
		{C17946FC-4F5F-403C-A3CB-A4C555402D50}.Debug|x64.Build.0 = Debug|Any CPU
		{C17946FC-4F5F-403C-A3CB-A4C555402D50}.Debug|x86.ActiveCfg = Debug|Any CPU
		{C17946FC-4F5F-403C-A3CB-A4C555402D50}.Debug|x86.Build.0 = Debug|Any CPU
		{C17946FC-4F5F-403C-A3CB-A4C555402D50}.Release|Any CPU.ActiveCfg = Release|Any CPU
		{C17946FC-4F5F-403C-A3CB-A4C555402D50}.Release|Any CPU.Build.0 = Release|Any CPU
		{C17946FC-4F5F-403C-A3CB-A4C555402D50}.Release|x64.ActiveCfg = Release|Any CPU
		{C17946FC-4F5F-403C-A3CB-A4C555402D50}.Release|x64.Build.0 = Release|Any CPU
		{C17946FC-4F5F-403C-A3CB-A4C555402D50}.Release|x86.ActiveCfg = Release|Any CPU
		{C17946FC-4F5F-403C-A3CB-A4C555402D50}.Release|x86.Build.0 = Release|Any CPU
		{75D0CF0E-3F8E-4923-B94C-A731B309DAF2}.Debug|Any CPU.ActiveCfg = Debug|Any CPU
		{75D0CF0E-3F8E-4923-B94C-A731B309DAF2}.Debug|Any CPU.Build.0 = Debug|Any CPU
		{75D0CF0E-3F8E-4923-B94C-A731B309DAF2}.Debug|x64.ActiveCfg = Debug|Any CPU
		{75D0CF0E-3F8E-4923-B94C-A731B309DAF2}.Debug|x64.Build.0 = Debug|Any CPU
		{75D0CF0E-3F8E-4923-B94C-A731B309DAF2}.Debug|x86.ActiveCfg = Debug|Any CPU
		{75D0CF0E-3F8E-4923-B94C-A731B309DAF2}.Debug|x86.Build.0 = Debug|Any CPU
		{75D0CF0E-3F8E-4923-B94C-A731B309DAF2}.Release|Any CPU.ActiveCfg = Release|Any CPU
		{75D0CF0E-3F8E-4923-B94C-A731B309DAF2}.Release|Any CPU.Build.0 = Release|Any CPU
		{75D0CF0E-3F8E-4923-B94C-A731B309DAF2}.Release|x64.ActiveCfg = Release|Any CPU
		{75D0CF0E-3F8E-4923-B94C-A731B309DAF2}.Release|x64.Build.0 = Release|Any CPU
		{75D0CF0E-3F8E-4923-B94C-A731B309DAF2}.Release|x86.ActiveCfg = Release|Any CPU
		{75D0CF0E-3F8E-4923-B94C-A731B309DAF2}.Release|x86.Build.0 = Release|Any CPU
		{03A47993-D710-4C14-B10D-852EE313B87A}.Debug|Any CPU.ActiveCfg = Debug|Any CPU
		{03A47993-D710-4C14-B10D-852EE313B87A}.Debug|Any CPU.Build.0 = Debug|Any CPU
		{03A47993-D710-4C14-B10D-852EE313B87A}.Debug|x64.ActiveCfg = Debug|Any CPU
		{03A47993-D710-4C14-B10D-852EE313B87A}.Debug|x64.Build.0 = Debug|Any CPU
		{03A47993-D710-4C14-B10D-852EE313B87A}.Debug|x86.ActiveCfg = Debug|Any CPU
		{03A47993-D710-4C14-B10D-852EE313B87A}.Debug|x86.Build.0 = Debug|Any CPU
		{03A47993-D710-4C14-B10D-852EE313B87A}.Release|Any CPU.ActiveCfg = Release|Any CPU
		{03A47993-D710-4C14-B10D-852EE313B87A}.Release|Any CPU.Build.0 = Release|Any CPU
		{03A47993-D710-4C14-B10D-852EE313B87A}.Release|x64.ActiveCfg = Release|Any CPU
		{03A47993-D710-4C14-B10D-852EE313B87A}.Release|x64.Build.0 = Release|Any CPU
		{03A47993-D710-4C14-B10D-852EE313B87A}.Release|x86.ActiveCfg = Release|Any CPU
		{03A47993-D710-4C14-B10D-852EE313B87A}.Release|x86.Build.0 = Release|Any CPU
		{B195EE37-7E62-4BFE-AB3E-90A140E457FB}.Debug|Any CPU.ActiveCfg = Debug|Any CPU
		{B195EE37-7E62-4BFE-AB3E-90A140E457FB}.Debug|Any CPU.Build.0 = Debug|Any CPU
		{B195EE37-7E62-4BFE-AB3E-90A140E457FB}.Debug|x64.ActiveCfg = Debug|Any CPU
		{B195EE37-7E62-4BFE-AB3E-90A140E457FB}.Debug|x64.Build.0 = Debug|Any CPU
		{B195EE37-7E62-4BFE-AB3E-90A140E457FB}.Debug|x86.ActiveCfg = Debug|Any CPU
		{B195EE37-7E62-4BFE-AB3E-90A140E457FB}.Debug|x86.Build.0 = Debug|Any CPU
		{B195EE37-7E62-4BFE-AB3E-90A140E457FB}.Release|Any CPU.ActiveCfg = Release|Any CPU
		{B195EE37-7E62-4BFE-AB3E-90A140E457FB}.Release|Any CPU.Build.0 = Release|Any CPU
		{B195EE37-7E62-4BFE-AB3E-90A140E457FB}.Release|x64.ActiveCfg = Release|Any CPU
		{B195EE37-7E62-4BFE-AB3E-90A140E457FB}.Release|x64.Build.0 = Release|Any CPU
		{B195EE37-7E62-4BFE-AB3E-90A140E457FB}.Release|x86.ActiveCfg = Release|Any CPU
		{B195EE37-7E62-4BFE-AB3E-90A140E457FB}.Release|x86.Build.0 = Release|Any CPU
		{354A6355-1549-4AEE-896A-2B04CD9A1FBB}.Debug|Any CPU.ActiveCfg = Debug|Any CPU
		{354A6355-1549-4AEE-896A-2B04CD9A1FBB}.Debug|Any CPU.Build.0 = Debug|Any CPU
		{354A6355-1549-4AEE-896A-2B04CD9A1FBB}.Debug|x64.ActiveCfg = Debug|Any CPU
		{354A6355-1549-4AEE-896A-2B04CD9A1FBB}.Debug|x64.Build.0 = Debug|Any CPU
		{354A6355-1549-4AEE-896A-2B04CD9A1FBB}.Debug|x86.ActiveCfg = Debug|Any CPU
		{354A6355-1549-4AEE-896A-2B04CD9A1FBB}.Debug|x86.Build.0 = Debug|Any CPU
		{354A6355-1549-4AEE-896A-2B04CD9A1FBB}.Release|Any CPU.ActiveCfg = Release|Any CPU
		{354A6355-1549-4AEE-896A-2B04CD9A1FBB}.Release|Any CPU.Build.0 = Release|Any CPU
		{354A6355-1549-4AEE-896A-2B04CD9A1FBB}.Release|x64.ActiveCfg = Release|Any CPU
		{354A6355-1549-4AEE-896A-2B04CD9A1FBB}.Release|x64.Build.0 = Release|Any CPU
		{354A6355-1549-4AEE-896A-2B04CD9A1FBB}.Release|x86.ActiveCfg = Release|Any CPU
		{354A6355-1549-4AEE-896A-2B04CD9A1FBB}.Release|x86.Build.0 = Release|Any CPU
		{74833B06-6646-4D9C-9298-0811DB9FD11B}.Debug|Any CPU.ActiveCfg = Debug|Any CPU
		{74833B06-6646-4D9C-9298-0811DB9FD11B}.Debug|Any CPU.Build.0 = Debug|Any CPU
		{74833B06-6646-4D9C-9298-0811DB9FD11B}.Debug|x64.ActiveCfg = Debug|Any CPU
		{74833B06-6646-4D9C-9298-0811DB9FD11B}.Debug|x64.Build.0 = Debug|Any CPU
		{74833B06-6646-4D9C-9298-0811DB9FD11B}.Debug|x86.ActiveCfg = Debug|Any CPU
		{74833B06-6646-4D9C-9298-0811DB9FD11B}.Debug|x86.Build.0 = Debug|Any CPU
		{74833B06-6646-4D9C-9298-0811DB9FD11B}.Release|Any CPU.ActiveCfg = Release|Any CPU
		{74833B06-6646-4D9C-9298-0811DB9FD11B}.Release|Any CPU.Build.0 = Release|Any CPU
		{74833B06-6646-4D9C-9298-0811DB9FD11B}.Release|x64.ActiveCfg = Release|Any CPU
		{74833B06-6646-4D9C-9298-0811DB9FD11B}.Release|x64.Build.0 = Release|Any CPU
		{74833B06-6646-4D9C-9298-0811DB9FD11B}.Release|x86.ActiveCfg = Release|Any CPU
		{74833B06-6646-4D9C-9298-0811DB9FD11B}.Release|x86.Build.0 = Release|Any CPU
		{A9229BEE-5611-495E-B566-B2DDDFE620A2}.Debug|Any CPU.ActiveCfg = Debug|Any CPU
		{A9229BEE-5611-495E-B566-B2DDDFE620A2}.Debug|Any CPU.Build.0 = Debug|Any CPU
		{A9229BEE-5611-495E-B566-B2DDDFE620A2}.Debug|x64.ActiveCfg = Debug|Any CPU
		{A9229BEE-5611-495E-B566-B2DDDFE620A2}.Debug|x64.Build.0 = Debug|Any CPU
		{A9229BEE-5611-495E-B566-B2DDDFE620A2}.Debug|x86.ActiveCfg = Debug|Any CPU
		{A9229BEE-5611-495E-B566-B2DDDFE620A2}.Debug|x86.Build.0 = Debug|Any CPU
		{A9229BEE-5611-495E-B566-B2DDDFE620A2}.Release|Any CPU.ActiveCfg = Release|Any CPU
		{A9229BEE-5611-495E-B566-B2DDDFE620A2}.Release|Any CPU.Build.0 = Release|Any CPU
		{A9229BEE-5611-495E-B566-B2DDDFE620A2}.Release|x64.ActiveCfg = Release|Any CPU
		{A9229BEE-5611-495E-B566-B2DDDFE620A2}.Release|x64.Build.0 = Release|Any CPU
		{A9229BEE-5611-495E-B566-B2DDDFE620A2}.Release|x86.ActiveCfg = Release|Any CPU
		{A9229BEE-5611-495E-B566-B2DDDFE620A2}.Release|x86.Build.0 = Release|Any CPU
		{6B5A1A2B-9682-4851-A061-35CEDB587D08}.Debug|Any CPU.ActiveCfg = Debug|Any CPU
		{6B5A1A2B-9682-4851-A061-35CEDB587D08}.Debug|Any CPU.Build.0 = Debug|Any CPU
		{6B5A1A2B-9682-4851-A061-35CEDB587D08}.Debug|x64.ActiveCfg = Debug|Any CPU
		{6B5A1A2B-9682-4851-A061-35CEDB587D08}.Debug|x64.Build.0 = Debug|Any CPU
		{6B5A1A2B-9682-4851-A061-35CEDB587D08}.Debug|x86.ActiveCfg = Debug|Any CPU
		{6B5A1A2B-9682-4851-A061-35CEDB587D08}.Debug|x86.Build.0 = Debug|Any CPU
		{6B5A1A2B-9682-4851-A061-35CEDB587D08}.Release|Any CPU.ActiveCfg = Release|Any CPU
		{6B5A1A2B-9682-4851-A061-35CEDB587D08}.Release|Any CPU.Build.0 = Release|Any CPU
		{6B5A1A2B-9682-4851-A061-35CEDB587D08}.Release|x64.ActiveCfg = Release|Any CPU
		{6B5A1A2B-9682-4851-A061-35CEDB587D08}.Release|x64.Build.0 = Release|Any CPU
		{6B5A1A2B-9682-4851-A061-35CEDB587D08}.Release|x86.ActiveCfg = Release|Any CPU
		{6B5A1A2B-9682-4851-A061-35CEDB587D08}.Release|x86.Build.0 = Release|Any CPU
		{FD1A429A-37DD-40C3-8662-4ED0A8A8B9A2}.Debug|Any CPU.ActiveCfg = Debug|Any CPU
		{FD1A429A-37DD-40C3-8662-4ED0A8A8B9A2}.Debug|Any CPU.Build.0 = Debug|Any CPU
		{FD1A429A-37DD-40C3-8662-4ED0A8A8B9A2}.Debug|x64.ActiveCfg = Debug|Any CPU
		{FD1A429A-37DD-40C3-8662-4ED0A8A8B9A2}.Debug|x64.Build.0 = Debug|Any CPU
		{FD1A429A-37DD-40C3-8662-4ED0A8A8B9A2}.Debug|x86.ActiveCfg = Debug|Any CPU
		{FD1A429A-37DD-40C3-8662-4ED0A8A8B9A2}.Debug|x86.Build.0 = Debug|Any CPU
		{FD1A429A-37DD-40C3-8662-4ED0A8A8B9A2}.Release|Any CPU.ActiveCfg = Release|Any CPU
		{FD1A429A-37DD-40C3-8662-4ED0A8A8B9A2}.Release|Any CPU.Build.0 = Release|Any CPU
		{FD1A429A-37DD-40C3-8662-4ED0A8A8B9A2}.Release|x64.ActiveCfg = Release|Any CPU
		{FD1A429A-37DD-40C3-8662-4ED0A8A8B9A2}.Release|x64.Build.0 = Release|Any CPU
		{FD1A429A-37DD-40C3-8662-4ED0A8A8B9A2}.Release|x86.ActiveCfg = Release|Any CPU
		{FD1A429A-37DD-40C3-8662-4ED0A8A8B9A2}.Release|x86.Build.0 = Release|Any CPU
		{2FF5D212-611C-41AB-BEC1-1383FC739741}.Debug|Any CPU.ActiveCfg = Debug|Any CPU
		{2FF5D212-611C-41AB-BEC1-1383FC739741}.Debug|Any CPU.Build.0 = Debug|Any CPU
		{2FF5D212-611C-41AB-BEC1-1383FC739741}.Debug|x64.ActiveCfg = Debug|Any CPU
		{2FF5D212-611C-41AB-BEC1-1383FC739741}.Debug|x64.Build.0 = Debug|Any CPU
		{2FF5D212-611C-41AB-BEC1-1383FC739741}.Debug|x86.ActiveCfg = Debug|Any CPU
		{2FF5D212-611C-41AB-BEC1-1383FC739741}.Debug|x86.Build.0 = Debug|Any CPU
		{2FF5D212-611C-41AB-BEC1-1383FC739741}.Release|Any CPU.ActiveCfg = Release|Any CPU
		{2FF5D212-611C-41AB-BEC1-1383FC739741}.Release|Any CPU.Build.0 = Release|Any CPU
		{2FF5D212-611C-41AB-BEC1-1383FC739741}.Release|x64.ActiveCfg = Release|Any CPU
		{2FF5D212-611C-41AB-BEC1-1383FC739741}.Release|x64.Build.0 = Release|Any CPU
		{2FF5D212-611C-41AB-BEC1-1383FC739741}.Release|x86.ActiveCfg = Release|Any CPU
		{2FF5D212-611C-41AB-BEC1-1383FC739741}.Release|x86.Build.0 = Release|Any CPU
		{C412B6BE-58FC-4765-9F0A-9DEDDE395FB4}.Debug|Any CPU.ActiveCfg = Debug|Any CPU
		{C412B6BE-58FC-4765-9F0A-9DEDDE395FB4}.Debug|Any CPU.Build.0 = Debug|Any CPU
		{C412B6BE-58FC-4765-9F0A-9DEDDE395FB4}.Debug|x64.ActiveCfg = Debug|Any CPU
		{C412B6BE-58FC-4765-9F0A-9DEDDE395FB4}.Debug|x64.Build.0 = Debug|Any CPU
		{C412B6BE-58FC-4765-9F0A-9DEDDE395FB4}.Debug|x86.ActiveCfg = Debug|Any CPU
		{C412B6BE-58FC-4765-9F0A-9DEDDE395FB4}.Debug|x86.Build.0 = Debug|Any CPU
		{C412B6BE-58FC-4765-9F0A-9DEDDE395FB4}.Release|Any CPU.ActiveCfg = Release|Any CPU
		{C412B6BE-58FC-4765-9F0A-9DEDDE395FB4}.Release|Any CPU.Build.0 = Release|Any CPU
		{C412B6BE-58FC-4765-9F0A-9DEDDE395FB4}.Release|x64.ActiveCfg = Release|Any CPU
		{C412B6BE-58FC-4765-9F0A-9DEDDE395FB4}.Release|x64.Build.0 = Release|Any CPU
		{C412B6BE-58FC-4765-9F0A-9DEDDE395FB4}.Release|x86.ActiveCfg = Release|Any CPU
		{C412B6BE-58FC-4765-9F0A-9DEDDE395FB4}.Release|x86.Build.0 = Release|Any CPU
		{87D28DB8-58E4-4862-B069-0C4FB10036D9}.Debug|Any CPU.ActiveCfg = Debug|Any CPU
		{87D28DB8-58E4-4862-B069-0C4FB10036D9}.Debug|Any CPU.Build.0 = Debug|Any CPU
		{87D28DB8-58E4-4862-B069-0C4FB10036D9}.Debug|x64.ActiveCfg = Debug|Any CPU
		{87D28DB8-58E4-4862-B069-0C4FB10036D9}.Debug|x64.Build.0 = Debug|Any CPU
		{87D28DB8-58E4-4862-B069-0C4FB10036D9}.Debug|x86.ActiveCfg = Debug|Any CPU
		{87D28DB8-58E4-4862-B069-0C4FB10036D9}.Debug|x86.Build.0 = Debug|Any CPU
		{87D28DB8-58E4-4862-B069-0C4FB10036D9}.Release|Any CPU.ActiveCfg = Release|Any CPU
		{87D28DB8-58E4-4862-B069-0C4FB10036D9}.Release|Any CPU.Build.0 = Release|Any CPU
		{87D28DB8-58E4-4862-B069-0C4FB10036D9}.Release|x64.ActiveCfg = Release|Any CPU
		{87D28DB8-58E4-4862-B069-0C4FB10036D9}.Release|x64.Build.0 = Release|Any CPU
		{87D28DB8-58E4-4862-B069-0C4FB10036D9}.Release|x86.ActiveCfg = Release|Any CPU
		{87D28DB8-58E4-4862-B069-0C4FB10036D9}.Release|x86.Build.0 = Release|Any CPU
	EndGlobalSection
	GlobalSection(SolutionProperties) = preSolution
		HideSolutionNode = FALSE
	EndGlobalSection
	GlobalSection(NestedProjects) = preSolution
		{2EBF0748-4129-4BF6-A0F1-A67C64510F7C} = {7E759CB7-C6C9-4FAB-9ADE-EDA0737A16B8}
		{5D559F34-ED7C-457B-981D-428F13852795} = {7E759CB7-C6C9-4FAB-9ADE-EDA0737A16B8}
		{19ECA9A8-77D3-480A-AEB7-2B3EBE9F66F1} = {7E759CB7-C6C9-4FAB-9ADE-EDA0737A16B8}
		{CFB45EF6-7C24-4A41-BCA4-7769E02F52C2} = {7E759CB7-C6C9-4FAB-9ADE-EDA0737A16B8}
		{4D109CAE-8A09-411E-95A6-FF2D0D4C3EC3} = {F74A0A90-48B1-4D19-BE42-BEE006517F56}
		{254650E2-982D-4CEA-A470-3411BF7AD8DC} = {4D109CAE-8A09-411E-95A6-FF2D0D4C3EC3}
		{B0EB51D0-F878-40B7-A03E-5B22D5BAC753} = {4D109CAE-8A09-411E-95A6-FF2D0D4C3EC3}
		{67966679-CD94-4A5F-A755-00AA9A56E652} = {4D109CAE-8A09-411E-95A6-FF2D0D4C3EC3}
		{121FCF8B-9107-48CF-B956-33DD905FFC18} = {4D109CAE-8A09-411E-95A6-FF2D0D4C3EC3}
		{DB8F8F27-F4AF-4901-A64E-09D3D3B88ABE} = {4D109CAE-8A09-411E-95A6-FF2D0D4C3EC3}
		{44AC33C2-9B89-4D58-9C83-9BBBC7F48F6C} = {DB8F8F27-F4AF-4901-A64E-09D3D3B88ABE}
		{1F111DD8-054C-4CAF-96E6-0854FBB5641A} = {DB8F8F27-F4AF-4901-A64E-09D3D3B88ABE}
		{36DC5479-B25F-49D0-9885-147391D822C2} = {7E759CB7-C6C9-4FAB-9ADE-EDA0737A16B8}
		{5318ED40-6B8D-422F-9E02-49C85352CE55} = {36DC5479-B25F-49D0-9885-147391D822C2}
		{9BE6E1C8-2570-487D-868B-239AFD672DBF} = {36DC5479-B25F-49D0-9885-147391D822C2}
		{DCEF64B2-1B4A-4661-AC6E-AE2783E5B70F} = {36DC5479-B25F-49D0-9885-147391D822C2}
		{69D74B86-F7E7-4D26-BA4C-08510E8D83B8} = {DB8F8F27-F4AF-4901-A64E-09D3D3B88ABE}
		{9B165D6F-548E-495A-A801-99E44D6E2D5A} = {DB8F8F27-F4AF-4901-A64E-09D3D3B88ABE}
		{8D8F9802-08A2-4701-AA7D-B6F42F7E804A} = {F74A0A90-48B1-4D19-BE42-BEE006517F56}
		{14638117-C1BC-4FD1-9A26-BAAD8491CD1F} = {8D8F9802-08A2-4701-AA7D-B6F42F7E804A}
		{C17946FC-4F5F-403C-A3CB-A4C555402D50} = {8D8F9802-08A2-4701-AA7D-B6F42F7E804A}
		{75D0CF0E-3F8E-4923-B94C-A731B309DAF2} = {8D8F9802-08A2-4701-AA7D-B6F42F7E804A}
		{03A47993-D710-4C14-B10D-852EE313B87A} = {8D8F9802-08A2-4701-AA7D-B6F42F7E804A}
		{E7C172E2-4F50-4712-B960-E2B4D4BEE20D} = {F74A0A90-48B1-4D19-BE42-BEE006517F56}
		{B195EE37-7E62-4BFE-AB3E-90A140E457FB} = {E7C172E2-4F50-4712-B960-E2B4D4BEE20D}
		{354A6355-1549-4AEE-896A-2B04CD9A1FBB} = {E7C172E2-4F50-4712-B960-E2B4D4BEE20D}
		{74833B06-6646-4D9C-9298-0811DB9FD11B} = {E7C172E2-4F50-4712-B960-E2B4D4BEE20D}
		{A9229BEE-5611-495E-B566-B2DDDFE620A2} = {E7C172E2-4F50-4712-B960-E2B4D4BEE20D}
		{D2D57AB1-9829-45C8-8BEA-7343725E8932} = {F74A0A90-48B1-4D19-BE42-BEE006517F56}
		{6B5A1A2B-9682-4851-A061-35CEDB587D08} = {D2D57AB1-9829-45C8-8BEA-7343725E8932}
		{FD1A429A-37DD-40C3-8662-4ED0A8A8B9A2} = {D2D57AB1-9829-45C8-8BEA-7343725E8932}
		{2FF5D212-611C-41AB-BEC1-1383FC739741} = {D2D57AB1-9829-45C8-8BEA-7343725E8932}
		{C412B6BE-58FC-4765-9F0A-9DEDDE395FB4} = {D2D57AB1-9829-45C8-8BEA-7343725E8932}
		{87D28DB8-58E4-4862-B069-0C4FB10036D9} = {E22E3BEF-D6DB-470E-8448-66D07DD7E4C1}
	EndGlobalSection
EndGlobal
